
Microsoft Visual Studio Solution File, Format Version 12.00
# Visual Studio Version 17
VisualStudioVersion = 17.4.33110.190
MinimumVisualStudioVersion = 10.0.40219.1
Project("{FAE04EC0-301F-11D3-BF4B-00C04F79EFBC}") = "AlgoraCodingTaskClient", "AlgoraCodingTaskClient\AlgoraCodingTaskClient.csproj", "{52D0CF9A-8372-4E76-A300-C4AE4ABF49C2}"
EndProject
Project("{FAE04EC0-301F-11D3-BF4B-00C04F79EFBC}") = "AlgoraCodingTaskWebSocket", "AlgoraCodingTaskWebSocket\AlgoraCodingTaskWebSocket.csproj", "{C0CDCFEF-C3D0-446A-A302-F80D3267D1DD}"
EndProject
Project("{2150E333-8FDC-42A3-9474-1A3956D46DE8}") = "Docs", "Docs", "{E12A9CB2-1224-4AFE-BBFB-B0EE1E9024A5}"
	ProjectSection(SolutionItems) = preProject
		Docs\MarySykes_Algora_CodingTask.docx = Docs\MarySykes_Algora_CodingTask.docx
	EndProjectSection
EndProject
Project("{2150E333-8FDC-42A3-9474-1A3956D46DE8}") = "Solution Items", "Solution Items", "{B8DFF9C0-D3E2-44EB-9936-C0242EA5D977}"
	ProjectSection(SolutionItems) = preProject
		README.md = README.md
		RunDemo.ps1 = RunDemo.ps1
	EndProjectSection
EndProject
Global
	GlobalSection(SolutionConfigurationPlatforms) = preSolution
		Debug|Any CPU = Debug|Any CPU
		Release|Any CPU = Release|Any CPU
	EndGlobalSection
	GlobalSection(ProjectConfigurationPlatforms) = postSolution
		{52D0CF9A-8372-4E76-A300-C4AE4ABF49C2}.Debug|Any CPU.ActiveCfg = Debug|Any CPU
		{52D0CF9A-8372-4E76-A300-C4AE4ABF49C2}.Debug|Any CPU.Build.0 = Debug|Any CPU
		{52D0CF9A-8372-4E76-A300-C4AE4ABF49C2}.Release|Any CPU.ActiveCfg = Release|Any CPU
		{52D0CF9A-8372-4E76-A300-C4AE4ABF49C2}.Release|Any CPU.Build.0 = Release|Any CPU
		{C0CDCFEF-C3D0-446A-A302-F80D3267D1DD}.Debug|Any CPU.ActiveCfg = Debug|Any CPU
		{C0CDCFEF-C3D0-446A-A302-F80D3267D1DD}.Debug|Any CPU.Build.0 = Debug|Any CPU
		{C0CDCFEF-C3D0-446A-A302-F80D3267D1DD}.Release|Any CPU.ActiveCfg = Release|Any CPU
		{C0CDCFEF-C3D0-446A-A302-F80D3267D1DD}.Release|Any CPU.Build.0 = Release|Any CPU
	EndGlobalSection
	GlobalSection(SolutionProperties) = preSolution
		HideSolutionNode = FALSE
	EndGlobalSection
	GlobalSection(ExtensibilityGlobals) = postSolution
		SolutionGuid = {A85FBCFA-1FBC-45A4-A1DE-518502C8E301}
	EndGlobalSection
EndGlobal
